<?xml version="1.0" encoding="utf-8"?>
<Project ToolsVersion="4.0" xmlns="http://schemas.microsoft.com/developer/msbuild/2003">
  <ItemGroup>
    <Filter Include="Source Files">
      <UniqueIdentifier>{4FC737F1-C7A5-4376-A066-2A32D752A2FF}</UniqueIdentifier>
      <Extensions>qml;cpp;c;cc;cxx;def;odl;idl;hpj;bat;asm;asmx</Extensions>
    </Filter>
    <Filter Include="Header Files">
      <UniqueIdentifier>{93995380-89BD-4b04-88EB-625FBE52EBFB}</UniqueIdentifier>
      <Extensions>h;hh;hpp;hxx;hm;inl;inc;xsd</Extensions>
    </Filter>
    <Filter Include="Resource Files">
      <UniqueIdentifier>{67DA6AB6-F800-4c08-8B7A-83BB121AAD01}</UniqueIdentifier>
      <Extensions>qrc;rc;ico;cur;bmp;dlg;rc2;rct;bin;rgs;gif;jpg;jpeg;jpe;resx;tiff;tif;png;wav;mfcribbon-ms</Extensions>
    </Filter>
    <Filter Include="Form Files">
      <UniqueIdentifier>{99349809-55BA-4b9d-BF79-8FDBB0286EB3}</UniqueIdentifier>
      <Extensions>ui</Extensions>
    </Filter>
    <Filter Include="Translation Files">
      <UniqueIdentifier>{639EADAA-A684-42e4-A9AD-28FC9BCB8F7C}</UniqueIdentifier>
      <Extensions>ts</Extensions>
    </Filter>
    <Filter Include="Source Files\self">
      <UniqueIdentifier>{f8cfe159-8513-4635-8d90-217ea3aeb950}</UniqueIdentifier>
    </Filter>
    <Filter Include="Header Files\self">
      <UniqueIdentifier>{0c6943d9-0321-4403-8e38-20dfb40a801f}</UniqueIdentifier>
    </Filter>
  </ItemGroup>
  <ItemGroup>
    <QtRcc Include="EmojiTest.qrc">
      <Filter>Resource Files</Filter>
    </QtRcc>
    <QtUic Include="EmojiTest.ui">
      <Filter>Form Files</Filter>
    </QtUic>
  </ItemGroup>
  <ItemGroup>
    <ClCompile Include="EmojiDB.cpp">
      <Filter>Source Files</Filter>
    </ClCompile>
    <ClCompile Include="EmojiImages.cpp">
      <Filter>Source Files</Filter>
    </ClCompile>
    <ClCompile Include="EmojiPedia.cpp">
      <Filter>Source Files</Filter>
    </ClCompile>
    <ClCompile Include="EmojiGraphicsItem.cpp">
      <Filter>Source Files</Filter>
    </ClCompile>
    <ClCompile Include="EmojisGraphicsWidget.cpp">
      <Filter>Source Files</Filter>
    </ClCompile>
    <ClCompile Include="EmojiWindow.cpp">
      <Filter>Source Files</Filter>
    </ClCompile>
    <ClCompile Include="Settings.cpp">
      <Filter>Source Files</Filter>
    </ClCompile>
    <ClCompile Include="tinyutf8.cpp">
      <Filter>Source Files</Filter>
    </ClCompile>
    <ClCompile Include="main.cpp">
      <Filter>Source Files\self</Filter>
    </ClCompile>
    <ClCompile Include="EmojiTest.cpp">
      <Filter>Source Files\self</Filter>
    </ClCompile>
    <ClCompile Include="EmojiButton.cpp">
      <Filter>Source Files</Filter>
    </ClCompile>
  </ItemGroup>
  <ItemGroup>
    <ClInclude Include="EmojiDB.hpp">
      <Filter>Header Files</Filter>
    </ClInclude>
    <ClInclude Include="EmojiImages.hpp">
      <Filter>Header Files</Filter>
    </ClInclude>
    <ClInclude Include="EmojiPedia.hpp">
      <Filter>Header Files</Filter>
    </ClInclude>
    <ClInclude Include="EmojiGraphicsItem.hpp">
      <Filter>Header Files</Filter>
    </ClInclude>
    <ClInclude Include="Settings.hpp">
      <Filter>Header Files</Filter>
    </ClInclude>
    <ClInclude Include="simple-json.hpp">
      <Filter>Header Files</Filter>
    </ClInclude>
    <ClInclude Include="tinyutf8.hpp">
      <Filter>Header Files</Filter>
    </ClInclude>
  </ItemGroup>
  <ItemGroup>
    <QtMoc Include="EmojisGraphicsWidget.hpp">
      <Filter>Header Files</Filter>
    </QtMoc>
    <QtMoc Include="EmojiWindow.hpp">
      <Filter>Header Files</Filter>
    </QtMoc>
    <QtMoc Include="EmojiTest.h">
      <Filter>Header Files\self</Filter>
    </QtMoc>
    <QtMoc Include="EmojiButton.h">
      <Filter>Header Files</Filter>
    </QtMoc>
  </ItemGroup>
</Project>