<?xml version="1.0" encoding="utf-8"?>
<Project ToolsVersion="4.0" xmlns="http://schemas.microsoft.com/developer/msbuild/2003">
  <ItemGroup>
    <Filter Include="Source Files">
      <UniqueIdentifier>{4FC737F1-C7A5-4376-A066-2A32D752A2FF}</UniqueIdentifier>
      <Extensions>qml;cpp;c;cc;cxx;def;odl;idl;hpj;bat;asm;asmx</Extensions>
    </Filter>
    <Filter Include="Header Files">
      <UniqueIdentifier>{93995380-89BD-4b04-88EB-625FBE52EBFB}</UniqueIdentifier>
      <Extensions>h;hh;hpp;hxx;hm;inl;inc;xsd</Extensions>
    </Filter>
    <Filter Include="Resource Files">
      <UniqueIdentifier>{67DA6AB6-F800-4c08-8B7A-83BB121AAD01}</UniqueIdentifier>
      <Extensions>qrc;rc;ico;cur;bmp;dlg;rc2;rct;bin;rgs;gif;jpg;jpeg;jpe;resx;tiff;tif;png;wav;mfcribbon-ms</Extensions>
    </Filter>
    <Filter Include="Form Files">
      <UniqueIdentifier>{99349809-55BA-4b9d-BF79-8FDBB0286EB3}</UniqueIdentifier>
      <Extensions>ui</Extensions>
    </Filter>
    <Filter Include="Translation Files">
      <UniqueIdentifier>{639EADAA-A684-42e4-A9AD-28FC9BCB8F7C}</UniqueIdentifier>
      <Extensions>ts</Extensions>
    </Filter>
    <Filter Include="Other Files">
      <UniqueIdentifier>{b6b9fc94-8bfa-4d17-ab1d-0ffa63a448be}</UniqueIdentifier>
    </Filter>
    <Filter Include="Header Files\File">
      <UniqueIdentifier>{6b83cf36-dbe9-426d-8dad-a1e71a275d7b}</UniqueIdentifier>
    </Filter>
    <Filter Include="Source Files\File">
      <UniqueIdentifier>{1ac759e6-281a-4ce8-bda9-a4191103ba32}</UniqueIdentifier>
    </Filter>
    <Filter Include="Header Files\base">
      <UniqueIdentifier>{01f21201-be21-4932-806d-27c074174465}</UniqueIdentifier>
    </Filter>
    <Filter Include="Source Files\base">
      <UniqueIdentifier>{a6758aba-7fb5-474f-8844-0ca259a02df9}</UniqueIdentifier>
    </Filter>
  </ItemGroup>
  <ItemGroup>
    <QtRcc Include="MyTest.qrc">
      <Filter>Resource Files</Filter>
    </QtRcc>
    <QtUic Include="MyTest.ui">
      <Filter>Form Files</Filter>
    </QtUic>
  </ItemGroup>
  <ItemGroup>
    <ClCompile Include="main.cpp">
      <Filter>Source Files</Filter>
    </ClCompile>
    <ClCompile Include="MainWIndow.cpp">
      <Filter>Source Files</Filter>
    </ClCompile>
    <ClCompile Include="Widget.cpp">
      <Filter>Source Files</Filter>
    </ClCompile>
    <ClCompile Include="SQLiteContact.cpp">
      <Filter>Source Files</Filter>
    </ClCompile>
    <ClCompile Include="SQLiteManager.cpp">
      <Filter>Source Files</Filter>
    </ClCompile>
    <ClCompile Include="SQLiteThread.cpp">
      <Filter>Source Files</Filter>
    </ClCompile>
    <ClCompile Include="FileClient.cpp">
      <Filter>Source Files\File</Filter>
    </ClCompile>
    <ClCompile Include="FileSession.cpp">
      <Filter>Source Files\File</Filter>
    </ClCompile>
    <ClCompile Include="FileManager.cpp">
      <Filter>Source Files\File</Filter>
    </ClCompile>
    <ClCompile Include="ByteArray.cpp">
      <Filter>Source Files</Filter>
    </ClCompile>
    <ClCompile Include="crc64.cpp">
      <Filter>Source Files\base</Filter>
    </ClCompile>
    <ClCompile Include="crcspeed.cpp">
      <Filter>Source Files\base</Filter>
    </ClCompile>
  </ItemGroup>
  <ItemGroup>
    <QtMoc Include="Widget.h">
      <Filter>Header Files</Filter>
    </QtMoc>
    <QtMoc Include="FileClient.h">
      <Filter>Header Files\File</Filter>
    </QtMoc>
    <QtMoc Include="FileManager.h">
      <Filter>Header Files\File</Filter>
    </QtMoc>
  </ItemGroup>
  <ItemGroup>
    <None Include="emoji.json">
      <Filter>Other Files</Filter>
    </None>
  </ItemGroup>
  <ItemGroup>
    <ClInclude Include="SQLiteContact.h">
      <Filter>Header Files</Filter>
    </ClInclude>
    <ClInclude Include="SQLiteManager.h">
      <Filter>Header Files</Filter>
    </ClInclude>
    <ClInclude Include="SQLiteThread.h">
      <Filter>Header Files</Filter>
    </ClInclude>
    <ClInclude Include="noncopyable.h">
      <Filter>Header Files</Filter>
    </ClInclude>
    <ClInclude Include="nonmoveable.h">
      <Filter>Header Files</Filter>
    </ClInclude>
    <ClInclude Include="MainWIndow.h">
      <Filter>Header Files</Filter>
    </ClInclude>
    <ClInclude Include="FileSession.h">
      <Filter>Header Files\File</Filter>
    </ClInclude>
    <ClInclude Include="Singleton.h">
      <Filter>Header Files\base</Filter>
    </ClInclude>
    <ClInclude Include="ByteArray.h">
      <Filter>Header Files\base</Filter>
    </ClInclude>
    <ClInclude Include="crc64.h">
      <Filter>Header Files\base</Filter>
    </ClInclude>
    <ClInclude Include="crcspeed.h">
      <Filter>Header Files\base</Filter>
    </ClInclude>
    <ClInclude Include="Endian.h">
      <Filter>Header Files\base</Filter>
    </ClInclude>
    <ClInclude Include="StringPiece.h">
      <Filter>Header Files\base</Filter>
    </ClInclude>
    <ClInclude Include="Types.h">
      <Filter>Header Files\base</Filter>
    </ClInclude>
  </ItemGroup>
</Project>